
Microsoft Visual Studio Solution File, Format Version 12.00
# Visual Studio Version 17
VisualStudioVersion = 17.10.35201.131
MinimumVisualStudioVersion = 10.0.40219.1
Project("{FAE04EC0-301F-11D3-BF4B-00C04F79EFBC}") = "ArcadiaWaves", "ArcadiaWaves\ArcadiaWaves.csproj", "{6B51001A-598A-41E8-978B-90389686D48F}"
EndProject
Global
	GlobalSection(SolutionConfigurationPlatforms) = preSolution
		Debug|Any CPU = Debug|Any CPU
		Release|Any CPU = Release|Any CPU
	EndGlobalSection
	GlobalSection(ProjectConfigurationPlatforms) = postSolution
		{6B51001A-598A-41E8-978B-90389686D48F}.Debug|Any CPU.ActiveCfg = Debug|Any CPU
		{6B51001A-598A-41E8-978B-90389686D48F}.Debug|Any CPU.Build.0 = Debug|Any CPU
		{6B51001A-598A-41E8-978B-90389686D48F}.Release|Any CPU.ActiveCfg = Release|Any CPU
		{6B51001A-598A-41E8-978B-90389686D48F}.Release|Any CPU.Build.0 = Release|Any CPU
	EndGlobalSection
	GlobalSection(SolutionProperties) = preSolution
		HideSolutionNode = FALSE
	EndGlobalSection
	GlobalSection(ExtensibilityGlobals) = postSolution
		SolutionGuid = {1F876F4A-639B-4614-A3B7-27AB364A481F}
	EndGlobalSection
EndGlobal
